
Microsoft Visual Studio Solution File, Format Version 12.00
# Visual Studio Version 16
VisualStudioVersion = 16.0.31410.357
MinimumVisualStudioVersion = 10.0.40219.1
Project("{2150E333-8FDC-42A3-9474-1A3956D46DE8}") = "API", "API", "{C4A8F2F5-197F-47B4-A047-F4C87BEE1909}"
EndProject
Project("{2150E333-8FDC-42A3-9474-1A3956D46DE8}") = "BLL", "BLL", "{0C420178-125F-43F3-9E59-0F0A7BFBDA5C}"
EndProject
Project("{2150E333-8FDC-42A3-9474-1A3956D46DE8}") = "DAL", "DAL", "{AB8425E9-B3E1-4491-BAD5-8B86B635928B}"
EndProject
Project("{FAE04EC0-301F-11D3-BF4B-00C04F79EFBC}") = "EventReminder.API", "EventReminder.API\EventReminder.API.csproj", "{4328E138-2B28-42BA-B40D-B604C241D418}"
EndProject
Project("{FAE04EC0-301F-11D3-BF4B-00C04F79EFBC}") = "EventReminder.DAL", "EventReminder.DAL\EventReminder.DAL.csproj", "{17ABCA87-11BD-407E-AE27-26FDD4432A87}"
EndProject
Project("{2150E333-8FDC-42A3-9474-1A3956D46DE8}") = "Infrastructure", "Infrastructure", "{385FBF7F-E479-46FA-8E82-D16435064B19}"
EndProject
Project("{FAE04EC0-301F-11D3-BF4B-00C04F79EFBC}") = "EventBuilder.Constants", "EventBuilder.Constants\EventBuilder.Constants.csproj", "{03D3D09A-C017-469B-840A-AEC5D83F25B4}"
EndProject
Project("{FAE04EC0-301F-11D3-BF4B-00C04F79EFBC}") = "EventReminder.Models", "EventReminder.Models\EventReminder.Models.csproj", "{4757C2FD-8622-43D1-9AAE-F506FD327C72}"
EndProject
Project("{2150E333-8FDC-42A3-9474-1A3956D46DE8}") = "Utils", "Utils", "{A54DA175-9B3D-4688-A7CD-EF40CF020487}"
EndProject
Project("{FAE04EC0-301F-11D3-BF4B-00C04F79EFBC}") = "EventReminder.Helpers", "EventReminder.Helpers\EventReminder.Helpers.csproj", "{75C1B646-4DCE-41DD-893C-9A163C75F3C0}"
EndProject
Project("{FAE04EC0-301F-11D3-BF4B-00C04F79EFBC}") = "EventReminder.BLL", "EventReminder.BLL\EventReminder.BLL.csproj", "{8B6FE0CD-E863-4DC4-A682-B362355862BE}"
EndProject
Global
	GlobalSection(SolutionConfigurationPlatforms) = preSolution
		Debug|Any CPU = Debug|Any CPU
		Release|Any CPU = Release|Any CPU
	EndGlobalSection
	GlobalSection(ProjectConfigurationPlatforms) = postSolution
		{4328E138-2B28-42BA-B40D-B604C241D418}.Debug|Any CPU.ActiveCfg = Debug|Any CPU
		{4328E138-2B28-42BA-B40D-B604C241D418}.Debug|Any CPU.Build.0 = Debug|Any CPU
		{4328E138-2B28-42BA-B40D-B604C241D418}.Release|Any CPU.ActiveCfg = Release|Any CPU
		{4328E138-2B28-42BA-B40D-B604C241D418}.Release|Any CPU.Build.0 = Release|Any CPU
		{17ABCA87-11BD-407E-AE27-26FDD4432A87}.Debug|Any CPU.ActiveCfg = Debug|Any CPU
		{17ABCA87-11BD-407E-AE27-26FDD4432A87}.Debug|Any CPU.Build.0 = Debug|Any CPU
		{17ABCA87-11BD-407E-AE27-26FDD4432A87}.Release|Any CPU.ActiveCfg = Release|Any CPU
		{17ABCA87-11BD-407E-AE27-26FDD4432A87}.Release|Any CPU.Build.0 = Release|Any CPU
		{03D3D09A-C017-469B-840A-AEC5D83F25B4}.Debug|Any CPU.ActiveCfg = Debug|Any CPU
		{03D3D09A-C017-469B-840A-AEC5D83F25B4}.Debug|Any CPU.Build.0 = Debug|Any CPU
		{03D3D09A-C017-469B-840A-AEC5D83F25B4}.Release|Any CPU.ActiveCfg = Release|Any CPU
		{03D3D09A-C017-469B-840A-AEC5D83F25B4}.Release|Any CPU.Build.0 = Release|Any CPU
		{4757C2FD-8622-43D1-9AAE-F506FD327C72}.Debug|Any CPU.ActiveCfg = Debug|Any CPU
		{4757C2FD-8622-43D1-9AAE-F506FD327C72}.Debug|Any CPU.Build.0 = Debug|Any CPU
		{4757C2FD-8622-43D1-9AAE-F506FD327C72}.Release|Any CPU.ActiveCfg = Release|Any CPU
		{4757C2FD-8622-43D1-9AAE-F506FD327C72}.Release|Any CPU.Build.0 = Release|Any CPU
		{75C1B646-4DCE-41DD-893C-9A163C75F3C0}.Debug|Any CPU.ActiveCfg = Debug|Any CPU
		{75C1B646-4DCE-41DD-893C-9A163C75F3C0}.Debug|Any CPU.Build.0 = Debug|Any CPU
		{75C1B646-4DCE-41DD-893C-9A163C75F3C0}.Release|Any CPU.ActiveCfg = Release|Any CPU
		{75C1B646-4DCE-41DD-893C-9A163C75F3C0}.Release|Any CPU.Build.0 = Release|Any CPU
		{8B6FE0CD-E863-4DC4-A682-B362355862BE}.Debug|Any CPU.ActiveCfg = Debug|Any CPU
		{8B6FE0CD-E863-4DC4-A682-B362355862BE}.Debug|Any CPU.Build.0 = Debug|Any CPU
		{8B6FE0CD-E863-4DC4-A682-B362355862BE}.Release|Any CPU.ActiveCfg = Release|Any CPU
		{8B6FE0CD-E863-4DC4-A682-B362355862BE}.Release|Any CPU.Build.0 = Release|Any CPU
	EndGlobalSection
	GlobalSection(SolutionProperties) = preSolution
		HideSolutionNode = FALSE
	EndGlobalSection
	GlobalSection(NestedProjects) = preSolution
		{4328E138-2B28-42BA-B40D-B604C241D418} = {C4A8F2F5-197F-47B4-A047-F4C87BEE1909}
		{17ABCA87-11BD-407E-AE27-26FDD4432A87} = {AB8425E9-B3E1-4491-BAD5-8B86B635928B}
		{03D3D09A-C017-469B-840A-AEC5D83F25B4} = {385FBF7F-E479-46FA-8E82-D16435064B19}
		{4757C2FD-8622-43D1-9AAE-F506FD327C72} = {385FBF7F-E479-46FA-8E82-D16435064B19}
		{75C1B646-4DCE-41DD-893C-9A163C75F3C0} = {A54DA175-9B3D-4688-A7CD-EF40CF020487}
		{8B6FE0CD-E863-4DC4-A682-B362355862BE} = {0C420178-125F-43F3-9E59-0F0A7BFBDA5C}
	EndGlobalSection
	GlobalSection(ExtensibilityGlobals) = postSolution
		SolutionGuid = {D1EAC80F-9BF6-4E0F-B5A1-A297C261371A}
	EndGlobalSection
EndGlobal
